
Microsoft Visual Studio Solution File, Format Version 12.00
# Visual Studio Version 17
VisualStudioVersion = 17.9.34728.123
MinimumVisualStudioVersion = 10.0.40219.1
Project("{FAE04EC0-301F-11D3-BF4B-00C04F79EFBC}") = "inventory_project", "inventory_project.csproj", "{0B28B3BA-BE9D-4B15-85A1-80C43E33BDC4}"
EndProject
Global
	GlobalSection(SolutionConfigurationPlatforms) = preSolution
		Debug|Any CPU = Debug|Any CPU
		Release|Any CPU = Release|Any CPU
	EndGlobalSection
	GlobalSection(ProjectConfigurationPlatforms) = postSolution
		{0B28B3BA-BE9D-4B15-85A1-80C43E33BDC4}.Debug|Any CPU.ActiveCfg = Debug|Any CPU
		{0B28B3BA-BE9D-4B15-85A1-80C43E33BDC4}.Debug|Any CPU.Build.0 = Debug|Any CPU
		{0B28B3BA-BE9D-4B15-85A1-80C43E33BDC4}.Release|Any CPU.ActiveCfg = Release|Any CPU
		{0B28B3BA-BE9D-4B15-85A1-80C43E33BDC4}.Release|Any CPU.Build.0 = Release|Any CPU
	EndGlobalSection
	GlobalSection(SolutionProperties) = preSolution
		HideSolutionNode = FALSE
	EndGlobalSection
	GlobalSection(ExtensibilityGlobals) = postSolution
		SolutionGuid = {5641F340-98C5-4D9E-A1BA-EBB9354A4996}
	EndGlobalSection
EndGlobal
